<?xml version="1.0" encoding="utf-8"?>
<Project ToolsVersion="4.0" xmlns="http://schemas.microsoft.com/developer/msbuild/2003">
  <ItemGroup>
    <Filter Include="Source Files">
      <UniqueIdentifier>{4FC737F1-C7A5-4376-A066-2A32D752A2FF}</UniqueIdentifier>
      <Extensions>cpp;c;cc;cxx;def;odl;idl;hpj;bat;asm;asmx</Extensions>
    </Filter>
    <Filter Include="Header Files">
      <UniqueIdentifier>{93995380-89BD-4b04-88EB-625FBE52EBFB}</UniqueIdentifier>
      <Extensions>h;hh;hpp;hxx;hm;inl;inc;xsd</Extensions>
    </Filter>
    <Filter Include="Resource Files">
      <UniqueIdentifier>{67DA6AB6-F800-4c08-8B7A-83BB121AAD01}</UniqueIdentifier>
      <Extensions>rc;ico;cur;bmp;dlg;rc2;rct;bin;rgs;gif;jpg;jpeg;jpe;resx;tiff;tif;png;wav;mfcribbon-ms</Extensions>
    </Filter>
    <Filter Include="Header Files\Core">
      <UniqueIdentifier>{fc53f680-9ec0-49b9-91ea-90b59769e355}</UniqueIdentifier>
    </Filter>
    <Filter Include="Source Files\Core">
      <UniqueIdentifier>{6637171d-0e3a-475a-9f50-b81a96c227de}</UniqueIdentifier>
    </Filter>
    <Filter Include="Source Files\Interfaces">
      <UniqueIdentifier>{655294c3-b74c-4144-9acc-751194809e41}</UniqueIdentifier>
    </Filter>
    <Filter Include="Header Files\Interfaces">
      <UniqueIdentifier>{b0557bc0-9b3a-4890-8051-6f00f01db524}</UniqueIdentifier>
    </Filter>
    <Filter Include="Source Files\Managers">
      <UniqueIdentifier>{e7e66b60-5757-4c11-964e-59eb25522642}</UniqueIdentifier>
    </Filter>
    <Filter Include="Header Files\Managers">
      <UniqueIdentifier>{83cb1067-2e8e-47e5-8fdb-06c685e9b44e}</UniqueIdentifier>
    </Filter>
    <Filter Include="Source Files\Scenes">
      <UniqueIdentifier>{81025d03-8141-4a26-ab4b-3d98d5fb38a0}</UniqueIdentifier>
    </Filter>
    <Filter Include="Header Files\Scenes">
      <UniqueIdentifier>{037f8d64-081d-4a2f-b687-78c76a21591a}</UniqueIdentifier>
    </Filter>
    <Filter Include="Header Files\Scenes\Rendering">
      <UniqueIdentifier>{7d560dff-ff43-406a-949d-98dab7dbdd0e}</UniqueIdentifier>
    </Filter>
    <Filter Include="Source Files\Scenes\Rendering">
      <UniqueIdentifier>{315b1adb-9baa-48f9-906d-e7dfcd8a1a25}</UniqueIdentifier>
    </Filter>
    <Filter Include="Header Files\Scenes\Rendering\Models">
      <UniqueIdentifier>{2ed463b6-4fd6-4a17-8aac-820ac00ec23e}</UniqueIdentifier>
    </Filter>
    <Filter Include="Source Files\Scenes\Rendering\Models">
      <UniqueIdentifier>{d251a322-026d-40ed-8641-b28f00dc03ab}</UniqueIdentifier>
    </Filter>
  </ItemGroup>
  <ItemGroup>
    <ClInclude Include="Zenith.h">
      <Filter>Header Files\Core</Filter>
    </ClInclude>
    <ClInclude Include="Logger.h">
      <Filter>Header Files\Core</Filter>
    </ClInclude>
    <ClInclude Include="KeyCode.h">
      <Filter>Header Files\Core</Filter>
    </ClInclude>
    <ClInclude Include="IGame.h">
      <Filter>Header Files\Interfaces</Filter>
    </ClInclude>
    <ClInclude Include="WindowManager.h">
      <Filter>Header Files\Managers</Filter>
    </ClInclude>
    <ClInclude Include="SceneManager.h">
      <Filter>Header Files\Managers</Filter>
    </ClInclude>
    <ClInclude Include="InputManager.h">
      <Filter>Header Files\Managers</Filter>
    </ClInclude>
    <ClInclude Include="IScene.h">
      <Filter>Header Files\Scenes</Filter>
    </ClInclude>
    <ClInclude Include="ShaderManager.h">
      <Filter>Header Files\Managers</Filter>
    </ClInclude>
    <ClInclude Include="IShaderProgram.h">
      <Filter>Header Files\Interfaces</Filter>
    </ClInclude>
    <ClInclude Include="Renderer.h">
      <Filter>Header Files\Scenes\Rendering</Filter>
    </ClInclude>
    <ClInclude Include="RenderBatch.h">
      <Filter>Header Files\Scenes\Rendering</Filter>
    </ClInclude>
    <ClInclude Include="Vertex.h">
      <Filter>Header Files\Scenes\Rendering</Filter>
    </ClInclude>
    <ClInclude Include="loadpng.h">
      <Filter>Header Files\Scenes\Rendering\Models</Filter>
    </ClInclude>
    <ClInclude Include="DataLoader.h">
      <Filter>Header Files\Core</Filter>
    </ClInclude>
    <ClInclude Include="Camera3D.h">
      <Filter>Header Files\Scenes</Filter>
    </ClInclude>
    <ClInclude Include="Primitives.h">
      <Filter>Header Files\Scenes\Rendering\Models</Filter>
    </ClInclude>
  </ItemGroup>
  <ItemGroup>
    <ClCompile Include="Zenith.cpp">
      <Filter>Source Files\Core</Filter>
    </ClCompile>
    <ClCompile Include="Logger.cpp">
      <Filter>Source Files\Core</Filter>
    </ClCompile>
    <ClCompile Include="IGame.cpp">
      <Filter>Source Files\Interfaces</Filter>
    </ClCompile>
    <ClCompile Include="WindowManager.cpp">
      <Filter>Source Files\Managers</Filter>
    </ClCompile>
    <ClCompile Include="SceneManager.cpp">
      <Filter>Source Files\Managers</Filter>
    </ClCompile>
    <ClCompile Include="InputManager.cpp">
      <Filter>Source Files\Managers</Filter>
    </ClCompile>
    <ClCompile Include="IScene.cpp">
      <Filter>Source Files\Scenes</Filter>
    </ClCompile>
    <ClCompile Include="ShaderManager.cpp">
      <Filter>Source Files\Managers</Filter>
    </ClCompile>
    <ClCompile Include="IShaderProgram.cpp">
      <Filter>Source Files\Interfaces</Filter>
    </ClCompile>
    <ClCompile Include="RenderBatch.cpp">
      <Filter>Source Files\Scenes\Rendering</Filter>
    </ClCompile>
    <ClCompile Include="Renderer.cpp">
      <Filter>Source Files\Scenes\Rendering</Filter>
    </ClCompile>
    <ClCompile Include="loadpng.cpp">
      <Filter>Source Files\Scenes\Rendering\Models</Filter>
    </ClCompile>
    <ClCompile Include="DataLoader.cpp">
      <Filter>Source Files\Core</Filter>
    </ClCompile>
    <ClCompile Include="Camera3D.cpp">
      <Filter>Source Files\Scenes</Filter>
    </ClCompile>
  </ItemGroup>
  <ItemGroup>
    <Text Include="ReadMe.txt" />
    <Text Include="TODO.txt" />
  </ItemGroup>
</Project>