
Microsoft Visual Studio Solution File, Format Version 12.00
# Visual Studio 14
VisualStudioVersion = 14.0.25420.1
MinimumVisualStudioVersion = 10.0.40219.1
Project("{8BC9CEB8-8B4A-11D0-8D11-00A0C91BC942}") = "Zenith r2", "Zenith r2\Zenith r2.vcxproj", "{6FB4AEDE-9705-446F-991A-C18D6D25A0D2}"
EndProject
Project("{8BC9CEB8-8B4A-11D0-8D11-00A0C91BC942}") = "Test", "Test\Test.vcxproj", "{311BA6DA-F5EC-4D0F-8E88-B99DE268B6B4}"
	ProjectSection(ProjectDependencies) = postProject
		{6FB4AEDE-9705-446F-991A-C18D6D25A0D2} = {6FB4AEDE-9705-446F-991A-C18D6D25A0D2}
	EndProjectSection
EndProject
Global
	GlobalSection(SolutionConfigurationPlatforms) = preSolution
		Debug|x64 = Debug|x64
		Debug|x86 = Debug|x86
		Release|x64 = Release|x64
		Release|x86 = Release|x86
	EndGlobalSection
	GlobalSection(ProjectConfigurationPlatforms) = postSolution
		{6FB4AEDE-9705-446F-991A-C18D6D25A0D2}.Debug|x64.ActiveCfg = Debug|x64
		{6FB4AEDE-9705-446F-991A-C18D6D25A0D2}.Debug|x64.Build.0 = Debug|x64
		{6FB4AEDE-9705-446F-991A-C18D6D25A0D2}.Debug|x86.ActiveCfg = Debug|Win32
		{6FB4AEDE-9705-446F-991A-C18D6D25A0D2}.Debug|x86.Build.0 = Debug|Win32
		{6FB4AEDE-9705-446F-991A-C18D6D25A0D2}.Release|x64.ActiveCfg = Release|x64
		{6FB4AEDE-9705-446F-991A-C18D6D25A0D2}.Release|x64.Build.0 = Release|x64
		{6FB4AEDE-9705-446F-991A-C18D6D25A0D2}.Release|x86.ActiveCfg = Release|Win32
		{6FB4AEDE-9705-446F-991A-C18D6D25A0D2}.Release|x86.Build.0 = Release|Win32
		{311BA6DA-F5EC-4D0F-8E88-B99DE268B6B4}.Debug|x64.ActiveCfg = Debug|x64
		{311BA6DA-F5EC-4D0F-8E88-B99DE268B6B4}.Debug|x64.Build.0 = Debug|x64
		{311BA6DA-F5EC-4D0F-8E88-B99DE268B6B4}.Debug|x86.ActiveCfg = Debug|Win32
		{311BA6DA-F5EC-4D0F-8E88-B99DE268B6B4}.Debug|x86.Build.0 = Debug|Win32
		{311BA6DA-F5EC-4D0F-8E88-B99DE268B6B4}.Release|x64.ActiveCfg = Release|x64
		{311BA6DA-F5EC-4D0F-8E88-B99DE268B6B4}.Release|x64.Build.0 = Release|x64
		{311BA6DA-F5EC-4D0F-8E88-B99DE268B6B4}.Release|x86.ActiveCfg = Release|Win32
		{311BA6DA-F5EC-4D0F-8E88-B99DE268B6B4}.Release|x86.Build.0 = Release|Win32
	EndGlobalSection
	GlobalSection(SolutionProperties) = preSolution
		HideSolutionNode = FALSE
	EndGlobalSection
EndGlobal
